// !$*UTF8*$!
{
	archiveVersion = 1;
	classes = {
	};
	objectVersion = 48;
	objects = {

/* Begin PBXBuildFile section */
		EEB4CA811FA5CF460075FEAB /* AppDelegate.swift in Sources */ = {isa = PBXBuildFile; fileRef = EEB4CA801FA5CF460075FEAB /* AppDelegate.swift */; };
		EEB4CA861FA5CF460075FEAB /* Main.storyboard in Resources */ = {isa = PBXBuildFile; fileRef = EEB4CA841FA5CF460075FEAB /* Main.storyboard */; };
		EEB4CA881FA5CF460075FEAB /* Assets.xcassets in Resources */ = {isa = PBXBuildFile; fileRef = EEB4CA871FA5CF460075FEAB /* Assets.xcassets */; };
		EEB4CA8B1FA5CF460075FEAB /* LaunchScreen.storyboard in Resources */ = {isa = PBXBuildFile; fileRef = EEB4CA891FA5CF460075FEAB /* LaunchScreen.storyboard */; };
		EEB4CA941FA5CFDC0075FEAB /* RootTabBarController.swift in Sources */ = {isa = PBXBuildFile; fileRef = EEB4CA931FA5CFDC0075FEAB /* RootTabBarController.swift */; };
		EEB4CA961FA5D0330075FEAB /* Item1ViewController.swift in Sources */ = {isa = PBXBuildFile; fileRef = EEB4CA951FA5D0330075FEAB /* Item1ViewController.swift */; };
		EEB4CA981FA5D1800075FEAB /* Item1NavigationController.swift in Sources */ = {isa = PBXBuildFile; fileRef = EEB4CA971FA5D1800075FEAB /* Item1NavigationController.swift */; };
		F70DF84A1FA861DF000298DA /* Item1PushViewController.swift in Sources */ = {isa = PBXBuildFile; fileRef = F70DF8491FA861DF000298DA /* Item1PushViewController.swift */; };
		F70DF84E1FA863BC000298DA /* Item1PresentViewController.swift in Sources */ = {isa = PBXBuildFile; fileRef = F70DF84D1FA863BC000298DA /* Item1PresentViewController.swift */; };
		F7A3B1511FA811C400A5E75C /* Item2ViewController.swift in Sources */ = {isa = PBXBuildFile; fileRef = F7A3B1501FA811C400A5E75C /* Item2ViewController.swift */; };
		F7A3B1531FA8135300A5E75C /* Item2NavigationController.swift in Sources */ = {isa = PBXBuildFile; fileRef = F7A3B1521FA8135300A5E75C /* Item2NavigationController.swift */; };
		F7A3B1551FA8208E00A5E75C /* Item2FromPushViewController.swift in Sources */ = {isa = PBXBuildFile; fileRef = F7A3B1541FA8208E00A5E75C /* Item2FromPushViewController.swift */; };
/* End PBXBuildFile section */

/* Begin PBXFileReference section */
		EEB4CA7D1FA5CF460075FEAB /* CustomOrientationDemo.app */ = {isa = PBXFileReference; explicitFileType = wrapper.application; includeInIndex = 0; path = CustomOrientationDemo.app; sourceTree = BUILT_PRODUCTS_DIR; };
		EEB4CA801FA5CF460075FEAB /* AppDelegate.swift */ = {isa = PBXFileReference; lastKnownFileType = sourcecode.swift; path = AppDelegate.swift; sourceTree = "<group>"; };
		EEB4CA851FA5CF460075FEAB /* Base */ = {isa = PBXFileReference; lastKnownFileType = file.storyboard; name = Base; path = Base.lproj/Main.storyboard; sourceTree = "<group>"; };
		EEB4CA871FA5CF460075FEAB /* Assets.xcassets */ = {isa = PBXFileReference; lastKnownFileType = folder.assetcatalog; path = Assets.xcassets; sourceTree = "<group>"; };
		EEB4CA8A1FA5CF460075FEAB /* Base */ = {isa = PBXFileReference; lastKnownFileType = file.storyboard; name = Base; path = Base.lproj/LaunchScreen.storyboard; sourceTree = "<group>"; };
		EEB4CA8C1FA5CF460075FEAB /* Info.plist */ = {isa = PBXFileReference; lastKnownFileType = text.plist.xml; path = Info.plist; sourceTree = "<group>"; };
		EEB4CA931FA5CFDC0075FEAB /* RootTabBarController.swift */ = {isa = PBXFileReference; lastKnownFileType = sourcecode.swift; path = RootTabBarController.swift; sourceTree = "<group>"; };
		EEB4CA951FA5D0330075FEAB /* Item1ViewController.swift */ = {isa = PBXFileReference; lastKnownFileType = sourcecode.swift; path = Item1ViewController.swift; sourceTree = "<group>"; };
		EEB4CA971FA5D1800075FEAB /* Item1NavigationController.swift */ = {isa = PBXFileReference; lastKnownFileType = sourcecode.swift; path = Item1NavigationController.swift; sourceTree = "<group>"; };
		F70DF8491FA861DF000298DA /* Item1PushViewController.swift */ = {isa = PBXFileReference; lastKnownFileType = sourcecode.swift; path = Item1PushViewController.swift; sourceTree = "<group>"; };
		F70DF84D1FA863BC000298DA /* Item1PresentViewController.swift */ = {isa = PBXFileReference; lastKnownFileType = sourcecode.swift; path = Item1PresentViewController.swift; sourceTree = "<group>"; };
		F7A3B1501FA811C400A5E75C /* Item2ViewController.swift */ = {isa = PBXFileReference; lastKnownFileType = sourcecode.swift; path = Item2ViewController.swift; sourceTree = "<group>"; };
		F7A3B1521FA8135300A5E75C /* Item2NavigationController.swift */ = {isa = PBXFileReference; lastKnownFileType = sourcecode.swift; path = Item2NavigationController.swift; sourceTree = "<group>"; };
		F7A3B1541FA8208E00A5E75C /* Item2FromPushViewController.swift */ = {isa = PBXFileReference; lastKnownFileType = sourcecode.swift; path = Item2FromPushViewController.swift; sourceTree = "<group>"; };
/* End PBXFileReference section */

/* Begin PBXFrameworksBuildPhase section */
		EEB4CA7A1FA5CF460075FEAB /* Frameworks */ = {
			isa = PBXFrameworksBuildPhase;
			buildActionMask = 2147483647;
			files = (
			);
			runOnlyForDeploymentPostprocessing = 0;
		};
/* End PBXFrameworksBuildPhase section */

/* Begin PBXGroup section */
		EEB4CA741FA5CF460075FEAB = {
			isa = PBXGroup;
			children = (
				EEB4CA7F1FA5CF460075FEAB /* CustomOrientationDemo */,
				EEB4CA7E1FA5CF460075FEAB /* Products */,
			);
			sourceTree = "<group>";
		};
		EEB4CA7E1FA5CF460075FEAB /* Products */ = {
			isa = PBXGroup;
			children = (
				EEB4CA7D1FA5CF460075FEAB /* CustomOrientationDemo.app */,
			);
			name = Products;
			sourceTree = "<group>";
		};
		EEB4CA7F1FA5CF460075FEAB /* CustomOrientationDemo */ = {
			isa = PBXGroup;
			children = (
				EEB4CA921FA5CF830075FEAB /* View Controllers */,
				EEB4CA801FA5CF460075FEAB /* AppDelegate.swift */,
				EEB4CA841FA5CF460075FEAB /* Main.storyboard */,
				EEB4CA871FA5CF460075FEAB /* Assets.xcassets */,
				EEB4CA891FA5CF460075FEAB /* LaunchScreen.storyboard */,
				EEB4CA8C1FA5CF460075FEAB /* Info.plist */,
			);
			path = CustomOrientationDemo;
			sourceTree = "<group>";
		};
		EEB4CA921FA5CF830075FEAB /* View Controllers */ = {
			isa = PBXGroup;
			children = (
				EEB4CA931FA5CFDC0075FEAB /* RootTabBarController.swift */,
				EEB4CA951FA5D0330075FEAB /* Item1ViewController.swift */,
				EEB4CA971FA5D1800075FEAB /* Item1NavigationController.swift */,
				F7A3B1501FA811C400A5E75C /* Item2ViewController.swift */,
				F7A3B1521FA8135300A5E75C /* Item2NavigationController.swift */,
				F7A3B1541FA8208E00A5E75C /* Item2FromPushViewController.swift */,
				F70DF8491FA861DF000298DA /* Item1PushViewController.swift */,
				F70DF84D1FA863BC000298DA /* Item1PresentViewController.swift */,
			);
			path = "View Controllers";
			sourceTree = "<group>";
		};
/* End PBXGroup section */

/* Begin PBXNativeTarget section */
		EEB4CA7C1FA5CF460075FEAB /* CustomOrientationDemo */ = {
			isa = PBXNativeTarget;
			buildConfigurationList = EEB4CA8F1FA5CF460075FEAB /* Build configuration list for PBXNativeTarget "CustomOrientationDemo" */;
			buildPhases = (
				EEB4CA791FA5CF460075FEAB /* Sources */,
				EEB4CA7A1FA5CF460075FEAB /* Frameworks */,
				EEB4CA7B1FA5CF460075FEAB /* Resources */,
			);
			buildRules = (
			);
			dependencies = (
			);
			name = CustomOrientationDemo;
			productName = CustomOrientationDemo;
			productReference = EEB4CA7D1FA5CF460075FEAB /* CustomOrientationDemo.app */;
			productType = "com.apple.product-type.application";
		};
/* End PBXNativeTarget section */

/* Begin PBXProject section */
		EEB4CA751FA5CF460075FEAB /* Project object */ = {
			isa = PBXProject;
			attributes = {
				LastSwiftUpdateCheck = 0900;
				LastUpgradeCheck = 0900;
				ORGANIZATIONNAME = "Xinming DAI";
				TargetAttributes = {
					EEB4CA7C1FA5CF460075FEAB = {
						CreatedOnToolsVersion = 9.0;
						ProvisioningStyle = Automatic;
					};
				};
			};
			buildConfigurationList = EEB4CA781FA5CF460075FEAB /* Build configuration list for PBXProject "CustomOrientationDemo" */;
			compatibilityVersion = "Xcode 8.0";
			developmentRegion = en;
			hasScannedForEncodings = 0;
			knownRegions = (
				en,
				Base,
			);
			mainGroup = EEB4CA741FA5CF460075FEAB;
			productRefGroup = EEB4CA7E1FA5CF460075FEAB /* Products */;
			projectDirPath = "";
			projectRoot = "";
			targets = (
				EEB4CA7C1FA5CF460075FEAB /* CustomOrientationDemo */,
			);
		};
/* End PBXProject section */

/* Begin PBXResourcesBuildPhase section */
		EEB4CA7B1FA5CF460075FEAB /* Resources */ = {
			isa = PBXResourcesBuildPhase;
			buildActionMask = 2147483647;
			files = (
				EEB4CA8B1FA5CF460075FEAB /* LaunchScreen.storyboard in Resources */,
				EEB4CA881FA5CF460075FEAB /* Assets.xcassets in Resources */,
				EEB4CA861FA5CF460075FEAB /* Main.storyboard in Resources */,
			);
			runOnlyForDeploymentPostprocessing = 0;
		};
/* End PBXResourcesBuildPhase section */

/* Begin PBXSourcesBuildPhase section */
		EEB4CA791FA5CF460075FEAB /* Sources */ = {
			isa = PBXSourcesBuildPhase;
			buildActionMask = 2147483647;
			files = (
				EEB4CA811FA5CF460075FEAB /* AppDelegate.swift in Sources */,
				EEB4CA961FA5D0330075FEAB /* Item1ViewController.swift in Sources */,
				F7A3B1511FA811C400A5E75C /* Item2ViewController.swift in Sources */,
				F70DF84A1FA861DF000298DA /* Item1PushViewController.swift in Sources */,
				F7A3B1551FA8208E00A5E75C /* Item2FromPushViewController.swift in Sources */,
				EEB4CA981FA5D1800075FEAB /* Item1NavigationController.swift in Sources */,
				EEB4CA941FA5CFDC0075FEAB /* RootTabBarController.swift in Sources */,
				F70DF84E1FA863BC000298DA /* Item1PresentViewController.swift in Sources */,
				F7A3B1531FA8135300A5E75C /* Item2NavigationController.swift in Sources */,
			);
			runOnlyForDeploymentPostprocessing = 0;
		};
/* End PBXSourcesBuildPhase section */

/* Begin PBXVariantGroup section */
		EEB4CA841FA5CF460075FEAB /* Main.storyboard */ = {
			isa = PBXVariantGroup;
			children = (
				EEB4CA851FA5CF460075FEAB /* Base */,
			);
			name = Main.storyboard;
			sourceTree = "<group>";
		};
		EEB4CA891FA5CF460075FEAB /* LaunchScreen.storyboard */ = {
			isa = PBXVariantGroup;
			children = (
				EEB4CA8A1FA5CF460075FEAB /* Base */,
			);
			name = LaunchScreen.storyboard;
			sourceTree = "<group>";
		};
/* End PBXVariantGroup section */

/* Begin XCBuildConfiguration section */
		EEB4CA8D1FA5CF460075FEAB /* Debug */ = {
			isa = XCBuildConfiguration;
			buildSettings = {
				ALWAYS_SEARCH_USER_PATHS = NO;
				CLANG_ANALYZER_NONNULL = YES;
				CLANG_ANALYZER_NUMBER_OBJECT_CONVERSION = YES_AGGRESSIVE;
				CLANG_CXX_LANGUAGE_STANDARD = "gnu++14";
				CLANG_CXX_LIBRARY = "libc++";
				CLANG_ENABLE_MODULES = YES;
				CLANG_ENABLE_OBJC_ARC = YES;
				CLANG_WARN_BLOCK_CAPTURE_AUTORELEASING = YES;
				CLANG_WARN_BOOL_CONVERSION = YES;
				CLANG_WARN_COMMA = YES;
				CLANG_WARN_CONSTANT_CONVERSION = YES;
				CLANG_WARN_DIRECT_OBJC_ISA_USAGE = YES_ERROR;
				CLANG_WARN_DOCUMENTATION_COMMENTS = YES;
				CLANG_WARN_EMPTY_BODY = YES;
				CLANG_WARN_ENUM_CONVERSION = YES;
				CLANG_WARN_INFINITE_RECURSION = YES;
				CLANG_WARN_INT_CONVERSION = YES;
				CLANG_WARN_NON_LITERAL_NULL_CONVERSION = YES;
				CLANG_WARN_OBJC_LITERAL_CONVERSION = YES;
				CLANG_WARN_OBJC_ROOT_CLASS = YES_ERROR;
				CLANG_WARN_RANGE_LOOP_ANALYSIS = YES;
				CLANG_WARN_STRICT_PROTOTYPES = YES;
				CLANG_WARN_SUSPICIOUS_MOVE = YES;
				CLANG_WARN_UNGUARDED_AVAILABILITY = YES_AGGRESSIVE;
				CLANG_WARN_UNREACHABLE_CODE = YES;
				CLANG_WARN__DUPLICATE_METHOD_MATCH = YES;
				CODE_SIGN_IDENTITY = "iPhone Developer";
				COPY_PHASE_STRIP = NO;
				DEBUG_INFORMATION_FORMAT = dwarf;
				ENABLE_STRICT_OBJC_MSGSEND = YES;
				ENABLE_TESTABILITY = YES;
				GCC_C_LANGUAGE_STANDARD = gnu11;
				GCC_DYNAMIC_NO_PIC = NO;
				GCC_NO_COMMON_BLOCKS = YES;
				GCC_OPTIMIZATION_LEVEL = 0;
				GCC_PREPROCESSOR_DEFINITIONS = (
					"DEBUG=1",
					"$(inherited)",
				);
				GCC_WARN_64_TO_32_BIT_CONVERSION = YES;
				GCC_WARN_ABOUT_RETURN_TYPE = YES_ERROR;
				GCC_WARN_UNDECLARED_SELECTOR = YES;
				GCC_WARN_UNINITIALIZED_AUTOS = YES_AGGRESSIVE;
				GCC_WARN_UNUSED_FUNCTION = YES;
				GCC_WARN_UNUSED_VARIABLE = YES;
				IPHONEOS_DEPLOYMENT_TARGET = 11.0;
				MTL_ENABLE_DEBUG_INFO = YES;
				ONLY_ACTIVE_ARCH = YES;
				SDKROOT = iphoneos;
				SWIFT_ACTIVE_COMPILATION_CONDITIONS = DEBUG;
				SWIFT_OPTIMIZATION_LEVEL = "-Onone";
			};
			name = Debug;
		};
		EEB4CA8E1FA5CF460075FEAB /* Release */ = {
			isa = XCBuildConfiguration;
			buildSettings = {
				ALWAYS_SEARCH_USER_PATHS = NO;
				CLANG_ANALYZER_NONNULL = YES;
				CLANG_ANALYZER_NUMBER_OBJECT_CONVERSION = YES_AGGRESSIVE;
				CLANG_CXX_LANGUAGE_STANDARD = "gnu++14";
				CLANG_CXX_LIBRARY = "libc++";
				CLANG_ENABLE_MODULES = YES;
				CLANG_ENABLE_OBJC_ARC = YES;
				CLANG_WARN_BLOCK_CAPTURE_AUTORELEASING = YES;
				CLANG_WARN_BOOL_CONVERSION = YES;
				CLANG_WARN_COMMA = YES;
				CLANG_WARN_CONSTANT_CONVERSION = YES;
				CLANG_WARN_DIRECT_OBJC_ISA_USAGE = YES_ERROR;
				CLANG_WARN_DOCUMENTATION_COMMENTS = YES;
				CLANG_WARN_EMPTY_BODY = YES;
				CLANG_WARN_ENUM_CONVERSION = YES;
				CLANG_WARN_INFINITE_RECURSION = YES;
				CLANG_WARN_INT_CONVERSION = YES;
				CLANG_WARN_NON_LITERAL_NULL_CONVERSION = YES;
				CLANG_WARN_OBJC_LITERAL_CONVERSION = YES;
				CLANG_WARN_OBJC_ROOT_CLASS = YES_ERROR;
				CLANG_WARN_RANGE_LOOP_ANALYSIS = YES;
				CLANG_WARN_STRICT_PROTOTYPES = YES;
				CLANG_WARN_SUSPICIOUS_MOVE = YES;
				CLANG_WARN_UNGUARDED_AVAILABILITY = YES_AGGRESSIVE;
				CLANG_WARN_UNREACHABLE_CODE = YES;
				CLANG_WARN__DUPLICATE_METHOD_MATCH = YES;
				CODE_SIGN_IDENTITY = "iPhone Developer";
				COPY_PHASE_STRIP = NO;
				DEBUG_INFORMATION_FORMAT = "dwarf-with-dsym";
				ENABLE_NS_ASSERTIONS = NO;
				ENABLE_STRICT_OBJC_MSGSEND = YES;
				GCC_C_LANGUAGE_STANDARD = gnu11;
				GCC_NO_COMMON_BLOCKS = YES;
				GCC_WARN_64_TO_32_BIT_CONVERSION = YES;
				GCC_WARN_ABOUT_RETURN_TYPE = YES_ERROR;
				GCC_WARN_UNDECLARED_SELECTOR = YES;
				GCC_WARN_UNINITIALIZED_AUTOS = YES_AGGRESSIVE;
				GCC_WARN_UNUSED_FUNCTION = YES;
				GCC_WARN_UNUSED_VARIABLE = YES;
				IPHONEOS_DEPLOYMENT_TARGET = 11.0;
				MTL_ENABLE_DEBUG_INFO = NO;
				SDKROOT = iphoneos;
				SWIFT_OPTIMIZATION_LEVEL = "-Owholemodule";
				VALIDATE_PRODUCT = YES;
			};
			name = Release;
		};
		EEB4CA901FA5CF460075FEAB /* Debug */ = {
			isa = XCBuildConfiguration;
			buildSettings = {
				ASSETCATALOG_COMPILER_APPICON_NAME = AppIcon;
				CODE_SIGN_STYLE = Automatic;
				DEVELOPMENT_TEAM = 23X5258S94;
				INFOPLIST_FILE = CustomOrientationDemo/Info.plist;
				IPHONEOS_DEPLOYMENT_TARGET = 10.0;
				LD_RUNPATH_SEARCH_PATHS = "$(inherited) @executable_path/Frameworks";
				PRODUCT_BUNDLE_IDENTIFIER = me.desmonddai.CustomOrientationDemo;
				PRODUCT_NAME = "$(TARGET_NAME)";
				SWIFT_VERSION = 4.0;
				TARGETED_DEVICE_FAMILY = "1,2";
			};
			name = Debug;
		};
		EEB4CA911FA5CF460075FEAB /* Release */ = {
			isa = XCBuildConfiguration;
			buildSettings = {
				ASSETCATALOG_COMPILER_APPICON_NAME = AppIcon;
				CODE_SIGN_STYLE = Automatic;
				DEVELOPMENT_TEAM = 23X5258S94;
				INFOPLIST_FILE = CustomOrientationDemo/Info.plist;
				IPHONEOS_DEPLOYMENT_TARGET = 10.0;
				LD_RUNPATH_SEARCH_PATHS = "$(inherited) @executable_path/Frameworks";
				PRODUCT_BUNDLE_IDENTIFIER = me.desmonddai.CustomOrientationDemo;
				PRODUCT_NAME = "$(TARGET_NAME)";
				SWIFT_VERSION = 4.0;
				TARGETED_DEVICE_FAMILY = "1,2";
			};
			name = Release;
		};
/* End XCBuildConfiguration section */

/* Begin XCConfigurationList section */
		EEB4CA781FA5CF460075FEAB /* Build configuration list for PBXProject "CustomOrientationDemo" */ = {
			isa = XCConfigurationList;
			buildConfigurations = (
				EEB4CA8D1FA5CF460075FEAB /* Debug */,
				EEB4CA8E1FA5CF460075FEAB /* Release */,
			);
			defaultConfigurationIsVisible = 0;
			defaultConfigurationName = Release;
		};
		EEB4CA8F1FA5CF460075FEAB /* Build configuration list for PBXNativeTarget "CustomOrientationDemo" */ = {
			isa = XCConfigurationList;
			buildConfigurations = (
				EEB4CA901FA5CF460075FEAB /* Debug */,
				EEB4CA911FA5CF460075FEAB /* Release */,
			);
			defaultConfigurationIsVisible = 0;
			defaultConfigurationName = Release;
		};
/* End XCConfigurationList section */
	};
	rootObject = EEB4CA751FA5CF460075FEAB /* Project object */;
}
